// !$*UTF8*$!
{
	archiveVersion = 1;
	classes = {
	};
	objectVersion = 55;
	objects = {

/* Begin PBXBuildFile section */
		BA4E6D8C2829A0C50005A0B6 /* main.cpp in Sources */ = {isa = PBXBuildFile; fileRef = BA4E6D8B2829A0C50005A0B6 /* main.cpp */; };
		BA4E6D942829A1210005A0B6 /* command_line.cpp in Sources */ = {isa = PBXBuildFile; fileRef = BA4E6D922829A1210005A0B6 /* command_line.cpp */; };
		BA4E6D972829A16A0005A0B6 /* mouse_tracker.cpp in Sources */ = {isa = PBXBuildFile; fileRef = BA4E6D952829A16A0005A0B6 /* mouse_tracker.cpp */; };
		BA4E6DA1282ADB810005A0B6 /* CoreGraphics.framework in Frameworks */ = {isa = PBXBuildFile; fileRef = BA4E6DA0282ADB810005A0B6 /* CoreGraphics.framework */; };
/* End PBXBuildFile section */

/* Begin PBXCopyFilesBuildPhase section */
		BA4E6D862829A0C50005A0B6 /* CopyFiles */ = {
			isa = PBXCopyFilesBuildPhase;
			buildActionMask = 2147483647;
			dstPath = /usr/share/man/man1/;
			dstSubfolderSpec = 0;
			files = (
			);
			runOnlyForDeploymentPostprocessing = 1;
		};
/* End PBXCopyFilesBuildPhase section */

/* Begin PBXFileReference section */
		BA4E6D882829A0C50005A0B6 /* Observer */ = {isa = PBXFileReference; explicitFileType = "compiled.mach-o.executable"; includeInIndex = 0; path = Observer; sourceTree = BUILT_PRODUCTS_DIR; };
		BA4E6D8B2829A0C50005A0B6 /* main.cpp */ = {isa = PBXFileReference; lastKnownFileType = sourcecode.cpp.cpp; path = main.cpp; sourceTree = "<group>"; };
		BA4E6D922829A1210005A0B6 /* command_line.cpp */ = {isa = PBXFileReference; lastKnownFileType = sourcecode.cpp.cpp; path = command_line.cpp; sourceTree = "<group>"; };
		BA4E6D932829A1210005A0B6 /* command_line.hpp */ = {isa = PBXFileReference; lastKnownFileType = sourcecode.cpp.h; path = command_line.hpp; sourceTree = "<group>"; };
		BA4E6D952829A16A0005A0B6 /* mouse_tracker.cpp */ = {isa = PBXFileReference; lastKnownFileType = sourcecode.cpp.cpp; path = mouse_tracker.cpp; sourceTree = "<group>"; };
		BA4E6D962829A16A0005A0B6 /* mouse_tracker.hpp */ = {isa = PBXFileReference; lastKnownFileType = sourcecode.cpp.h; path = mouse_tracker.hpp; sourceTree = "<group>"; };
		BA4E6D982829A7AC0005A0B6 /* i_notifiable.h */ = {isa = PBXFileReference; lastKnownFileType = sourcecode.c.h; path = i_notifiable.h; sourceTree = "<group>"; };
		BA4E6D992829A9460005A0B6 /* i_observer.h */ = {isa = PBXFileReference; lastKnownFileType = sourcecode.c.h; path = i_observer.h; sourceTree = "<group>"; };
		BA4E6D9A282AD1EC0005A0B6 /* events.h */ = {isa = PBXFileReference; lastKnownFileType = sourcecode.c.h; path = events.h; sourceTree = "<group>"; };
		BA4E6D9C282AD9F50005A0B6 /* CoreFoundation.framework */ = {isa = PBXFileReference; lastKnownFileType = wrapper.framework; name = CoreFoundation.framework; path = System/Library/Frameworks/CoreFoundation.framework; sourceTree = SDKROOT; };
		BA4E6D9E282ADA580005A0B6 /* ApplicationServices.framework */ = {isa = PBXFileReference; lastKnownFileType = wrapper.framework; name = ApplicationServices.framework; path = System/Library/Frameworks/ApplicationServices.framework; sourceTree = SDKROOT; };
		BA4E6DA0282ADB810005A0B6 /* CoreGraphics.framework */ = {isa = PBXFileReference; lastKnownFileType = wrapper.framework; name = CoreGraphics.framework; path = System/Library/Frameworks/CoreGraphics.framework; sourceTree = SDKROOT; };
/* End PBXFileReference section */

/* Begin PBXFrameworksBuildPhase section */
		BA4E6D852829A0C50005A0B6 /* Frameworks */ = {
			isa = PBXFrameworksBuildPhase;
			buildActionMask = 2147483647;
			files = (
				BA4E6DA1282ADB810005A0B6 /* CoreGraphics.framework in Frameworks */,
			);
			runOnlyForDeploymentPostprocessing = 0;
		};
/* End PBXFrameworksBuildPhase section */

/* Begin PBXGroup section */
		BA4E6D7F2829A0C50005A0B6 = {
			isa = PBXGroup;
			children = (
				BA4E6D8A2829A0C50005A0B6 /* Observer */,
				BA4E6D892829A0C50005A0B6 /* Products */,
				BA4E6D9B282AD9F50005A0B6 /* Frameworks */,
			);
			sourceTree = "<group>";
		};
		BA4E6D892829A0C50005A0B6 /* Products */ = {
			isa = PBXGroup;
			children = (
				BA4E6D882829A0C50005A0B6 /* Observer */,
			);
			name = Products;
			sourceTree = "<group>";
		};
		BA4E6D8A2829A0C50005A0B6 /* Observer */ = {
			isa = PBXGroup;
			children = (
				BA4E6D8B2829A0C50005A0B6 /* main.cpp */,
				BA4E6D922829A1210005A0B6 /* command_line.cpp */,
				BA4E6D932829A1210005A0B6 /* command_line.hpp */,
				BA4E6D952829A16A0005A0B6 /* mouse_tracker.cpp */,
				BA4E6D962829A16A0005A0B6 /* mouse_tracker.hpp */,
				BA4E6D982829A7AC0005A0B6 /* i_notifiable.h */,
				BA4E6D992829A9460005A0B6 /* i_observer.h */,
				BA4E6D9A282AD1EC0005A0B6 /* events.h */,
			);
			path = Observer;
			sourceTree = "<group>";
		};
		BA4E6D9B282AD9F50005A0B6 /* Frameworks */ = {
			isa = PBXGroup;
			children = (
				BA4E6DA0282ADB810005A0B6 /* CoreGraphics.framework */,
				BA4E6D9E282ADA580005A0B6 /* ApplicationServices.framework */,
				BA4E6D9C282AD9F50005A0B6 /* CoreFoundation.framework */,
			);
			name = Frameworks;
			sourceTree = "<group>";
		};
/* End PBXGroup section */

/* Begin PBXNativeTarget section */
		BA4E6D872829A0C50005A0B6 /* Observer */ = {
			isa = PBXNativeTarget;
			buildConfigurationList = BA4E6D8F2829A0C50005A0B6 /* Build configuration list for PBXNativeTarget "Observer" */;
			buildPhases = (
				BA4E6D842829A0C50005A0B6 /* Sources */,
				BA4E6D852829A0C50005A0B6 /* Frameworks */,
				BA4E6D862829A0C50005A0B6 /* CopyFiles */,
			);
			buildRules = (
			);
			dependencies = (
			);
			name = Observer;
			productName = Observer;
			productReference = BA4E6D882829A0C50005A0B6 /* Observer */;
			productType = "com.apple.product-type.tool";
		};
/* End PBXNativeTarget section */

/* Begin PBXProject section */
		BA4E6D802829A0C50005A0B6 /* Project object */ = {
			isa = PBXProject;
			attributes = {
				BuildIndependentTargetsInParallel = 1;
				LastUpgradeCheck = 1330;
				TargetAttributes = {
					BA4E6D872829A0C50005A0B6 = {
						CreatedOnToolsVersion = 13.3.1;
					};
				};
			};
			buildConfigurationList = BA4E6D832829A0C50005A0B6 /* Build configuration list for PBXProject "Observer" */;
			compatibilityVersion = "Xcode 13.0";
			developmentRegion = en;
			hasScannedForEncodings = 0;
			knownRegions = (
				en,
				Base,
			);
			mainGroup = BA4E6D7F2829A0C50005A0B6;
			productRefGroup = BA4E6D892829A0C50005A0B6 /* Products */;
			projectDirPath = "";
			projectRoot = "";
			targets = (
				BA4E6D872829A0C50005A0B6 /* Observer */,
			);
		};
/* End PBXProject section */

/* Begin PBXSourcesBuildPhase section */
		BA4E6D842829A0C50005A0B6 /* Sources */ = {
			isa = PBXSourcesBuildPhase;
			buildActionMask = 2147483647;
			files = (
				BA4E6D8C2829A0C50005A0B6 /* main.cpp in Sources */,
				BA4E6D972829A16A0005A0B6 /* mouse_tracker.cpp in Sources */,
				BA4E6D942829A1210005A0B6 /* command_line.cpp in Sources */,
			);
			runOnlyForDeploymentPostprocessing = 0;
		};
/* End PBXSourcesBuildPhase section */

/* Begin XCBuildConfiguration section */
		BA4E6D8D2829A0C50005A0B6 /* Debug */ = {
			isa = XCBuildConfiguration;
			buildSettings = {
				ALWAYS_SEARCH_USER_PATHS = NO;
				CLANG_ANALYZER_NONNULL = YES;
				CLANG_ANALYZER_NUMBER_OBJECT_CONVERSION = YES_AGGRESSIVE;
				CLANG_CXX_LANGUAGE_STANDARD = "gnu++17";
				CLANG_ENABLE_MODULES = YES;
				CLANG_ENABLE_OBJC_ARC = YES;
				CLANG_ENABLE_OBJC_WEAK = YES;
				CLANG_WARN_BLOCK_CAPTURE_AUTORELEASING = YES;
				CLANG_WARN_BOOL_CONVERSION = YES;
				CLANG_WARN_COMMA = YES;
				CLANG_WARN_CONSTANT_CONVERSION = YES;
				CLANG_WARN_DEPRECATED_OBJC_IMPLEMENTATIONS = YES;
				CLANG_WARN_DIRECT_OBJC_ISA_USAGE = YES_ERROR;
				CLANG_WARN_DOCUMENTATION_COMMENTS = YES;
				CLANG_WARN_EMPTY_BODY = YES;
				CLANG_WARN_ENUM_CONVERSION = YES;
				CLANG_WARN_INFINITE_RECURSION = YES;
				CLANG_WARN_INT_CONVERSION = YES;
				CLANG_WARN_NON_LITERAL_NULL_CONVERSION = YES;
				CLANG_WARN_OBJC_IMPLICIT_RETAIN_SELF = YES;
				CLANG_WARN_OBJC_LITERAL_CONVERSION = YES;
				CLANG_WARN_OBJC_ROOT_CLASS = YES_ERROR;
				CLANG_WARN_QUOTED_INCLUDE_IN_FRAMEWORK_HEADER = YES;
				CLANG_WARN_RANGE_LOOP_ANALYSIS = YES;
				CLANG_WARN_STRICT_PROTOTYPES = YES;
				CLANG_WARN_SUSPICIOUS_MOVE = YES;
				CLANG_WARN_UNGUARDED_AVAILABILITY = YES_AGGRESSIVE;
				CLANG_WARN_UNREACHABLE_CODE = YES;
				CLANG_WARN__DUPLICATE_METHOD_MATCH = YES;
				COPY_PHASE_STRIP = NO;
				DEBUG_INFORMATION_FORMAT = dwarf;
				ENABLE_STRICT_OBJC_MSGSEND = YES;
				ENABLE_TESTABILITY = YES;
				GCC_C_LANGUAGE_STANDARD = gnu11;
				GCC_DYNAMIC_NO_PIC = NO;
				GCC_NO_COMMON_BLOCKS = YES;
				GCC_OPTIMIZATION_LEVEL = 0;
				GCC_PREPROCESSOR_DEFINITIONS = (
					"DEBUG=1",
					"$(inherited)",
				);
				GCC_WARN_64_TO_32_BIT_CONVERSION = YES;
				GCC_WARN_ABOUT_RETURN_TYPE = YES_ERROR;
				GCC_WARN_UNDECLARED_SELECTOR = YES;
				GCC_WARN_UNINITIALIZED_AUTOS = YES_AGGRESSIVE;
				GCC_WARN_UNUSED_FUNCTION = YES;
				GCC_WARN_UNUSED_VARIABLE = YES;
				MACOSX_DEPLOYMENT_TARGET = 12.3;
				MTL_ENABLE_DEBUG_INFO = INCLUDE_SOURCE;
				MTL_FAST_MATH = YES;
				ONLY_ACTIVE_ARCH = YES;
				SDKROOT = macosx;
			};
			name = Debug;
		};
		BA4E6D8E2829A0C50005A0B6 /* Release */ = {
			isa = XCBuildConfiguration;
			buildSettings = {
				ALWAYS_SEARCH_USER_PATHS = NO;
				CLANG_ANALYZER_NONNULL = YES;
				CLANG_ANALYZER_NUMBER_OBJECT_CONVERSION = YES_AGGRESSIVE;
				CLANG_CXX_LANGUAGE_STANDARD = "gnu++17";
				CLANG_ENABLE_MODULES = YES;
				CLANG_ENABLE_OBJC_ARC = YES;
				CLANG_ENABLE_OBJC_WEAK = YES;
				CLANG_WARN_BLOCK_CAPTURE_AUTORELEASING = YES;
				CLANG_WARN_BOOL_CONVERSION = YES;
				CLANG_WARN_COMMA = YES;
				CLANG_WARN_CONSTANT_CONVERSION = YES;
				CLANG_WARN_DEPRECATED_OBJC_IMPLEMENTATIONS = YES;
				CLANG_WARN_DIRECT_OBJC_ISA_USAGE = YES_ERROR;
				CLANG_WARN_DOCUMENTATION_COMMENTS = YES;
				CLANG_WARN_EMPTY_BODY = YES;
				CLANG_WARN_ENUM_CONVERSION = YES;
				CLANG_WARN_INFINITE_RECURSION = YES;
				CLANG_WARN_INT_CONVERSION = YES;
				CLANG_WARN_NON_LITERAL_NULL_CONVERSION = YES;
				CLANG_WARN_OBJC_IMPLICIT_RETAIN_SELF = YES;
				CLANG_WARN_OBJC_LITERAL_CONVERSION = YES;
				CLANG_WARN_OBJC_ROOT_CLASS = YES_ERROR;
				CLANG_WARN_QUOTED_INCLUDE_IN_FRAMEWORK_HEADER = YES;
				CLANG_WARN_RANGE_LOOP_ANALYSIS = YES;
				CLANG_WARN_STRICT_PROTOTYPES = YES;
				CLANG_WARN_SUSPICIOUS_MOVE = YES;
				CLANG_WARN_UNGUARDED_AVAILABILITY = YES_AGGRESSIVE;
				CLANG_WARN_UNREACHABLE_CODE = YES;
				CLANG_WARN__DUPLICATE_METHOD_MATCH = YES;
				COPY_PHASE_STRIP = NO;
				DEBUG_INFORMATION_FORMAT = "dwarf-with-dsym";
				ENABLE_NS_ASSERTIONS = NO;
				ENABLE_STRICT_OBJC_MSGSEND = YES;
				GCC_C_LANGUAGE_STANDARD = gnu11;
				GCC_NO_COMMON_BLOCKS = YES;
				GCC_WARN_64_TO_32_BIT_CONVERSION = YES;
				GCC_WARN_ABOUT_RETURN_TYPE = YES_ERROR;
				GCC_WARN_UNDECLARED_SELECTOR = YES;
				GCC_WARN_UNINITIALIZED_AUTOS = YES_AGGRESSIVE;
				GCC_WARN_UNUSED_FUNCTION = YES;
				GCC_WARN_UNUSED_VARIABLE = YES;
				MACOSX_DEPLOYMENT_TARGET = 12.3;
				MTL_ENABLE_DEBUG_INFO = NO;
				MTL_FAST_MATH = YES;
				SDKROOT = macosx;
			};
			name = Release;
		};
		BA4E6D902829A0C50005A0B6 /* Debug */ = {
			isa = XCBuildConfiguration;
			buildSettings = {
				CODE_SIGN_STYLE = Automatic;
				PRODUCT_NAME = "$(TARGET_NAME)";
			};
			name = Debug;
		};
		BA4E6D912829A0C50005A0B6 /* Release */ = {
			isa = XCBuildConfiguration;
			buildSettings = {
				CODE_SIGN_STYLE = Automatic;
				PRODUCT_NAME = "$(TARGET_NAME)";
			};
			name = Release;
		};
/* End XCBuildConfiguration section */

/* Begin XCConfigurationList section */
		BA4E6D832829A0C50005A0B6 /* Build configuration list for PBXProject "Observer" */ = {
			isa = XCConfigurationList;
			buildConfigurations = (
				BA4E6D8D2829A0C50005A0B6 /* Debug */,
				BA4E6D8E2829A0C50005A0B6 /* Release */,
			);
			defaultConfigurationIsVisible = 0;
			defaultConfigurationName = Release;
		};
		BA4E6D8F2829A0C50005A0B6 /* Build configuration list for PBXNativeTarget "Observer" */ = {
			isa = XCConfigurationList;
			buildConfigurations = (
				BA4E6D902829A0C50005A0B6 /* Debug */,
				BA4E6D912829A0C50005A0B6 /* Release */,
			);
			defaultConfigurationIsVisible = 0;
			defaultConfigurationName = Release;
		};
/* End XCConfigurationList section */
	};
	rootObject = BA4E6D802829A0C50005A0B6 /* Project object */;
}
